# This file is autogenerated, do not edit; changes may be undone by the next 'dep ensure'.


[[projects]]
  branch = "master"
  digest = "1:81f8c061c3d18ed1710957910542bc17d2b789c6cd19e0f654c30b35fd255ca5"
  name = "github.com/Azure/go-ansiterm"
  packages = [
    ".",
    "winterm",
  ]
  pruneopts = "NT"
  revision = "d6e3b3328b783f23731bc4d058875b0371ff8109"

[[projects]]
  branch = "master"
  digest = "1:a6f16c0d3162f3aea85d77656b60a153989fdf2b393f0627cdb790282531ad8e"
  name = "github.com/IBM-Cloud/bluemix-go"
  packages = [
    ".",
    "api/container/registryv1",
    "api/iam/iamv1",
    "authentication",
    "bmxerror",
    "client",
    "crn",
    "endpoints",
    "helpers",
    "http",
    "models",
    "rest",
    "session",
    "trace",
  ]
  pruneopts = "NT"
  revision = "31b02e49b9a2961aa9f66489089a4e077f240029"

[[projects]]
  digest = "1:cafc8c1c5bc54a3893e7f6b3cda08326a6d8022330efc78614cdacc340bd8e4d"
  name = "github.com/Microsoft/go-winio"
  packages = ["."]
  pruneopts = "NT"
  revision = "97e4973ce50b2ff5f09635a57e2b88a037aae829"
  version = "v0.4.11"

[[projects]]
  branch = "master"
  digest = "1:7da1a26e347165227c79dfb10b90b3b5dedb6cbae50e88cdb81f5b6259b5b951"
  name = "github.com/Nvveen/Gotty"
  packages = ["."]
  pruneopts = "NT"
  revision = "cd527374f1e5bff4938207604a14f2e38a9cf512"

[[projects]]
  branch = "master"
  digest = "1:4cf11742b199ab3aacf26b00187e72f7ff8ba2145f363b74f295d54f098f79e4"
  name = "github.com/agl/ed25519"
  packages = [
    ".",
    "edwards25519",
  ]
  pruneopts = "NT"
  revision = "5312a61534124124185d41f09206b9fef1d88403"

[[projects]]
  branch = "master"
  digest = "1:c819830f4f5ef85874a90ac3cbcc96cd322c715f5c96fbe4722eacd3dafbaa07"
  name = "github.com/beorn7/perks"
  packages = ["quantile"]
  pruneopts = "NT"
  revision = "3a771d992973f24aa725d07868b467d1ddfceafb"

[[projects]]
  digest = "1:aa09b5d3f9ee0d50d580e14b7c4fde6b4904d927acc2370cbc29574dc0535cb8"
  name = "github.com/blang/semver"
  packages = ["."]
  pruneopts = "NT"
  revision = "2ee87856327ba09384cabd113bc6b5d174e9ec0f"
  version = "v3.5.1"

[[projects]]
  branch = "master"
  digest = "1:da4daad2ec1737eec4ebeeed7afedb631711f96bbac0c361a17a4d0369d00c6d"
  name = "github.com/containerd/console"
  packages = ["."]
  pruneopts = "NT"
  revision = "0650fd9eeb50bab4fc99dceb9f2e14cf58f36e7f"

[[projects]]
  digest = "1:da76eeba661cc1be87d28c3877aeec76840a9a97774824240fc270f30ae01d3f"
  name = "github.com/containerd/containerd"
  packages = [
    "errdefs",
    "log",
    "platforms",
  ]
  pruneopts = "NT"
  revision = "c4446665cb9c30056f4998ed953e6d4ff22c7c39"
  version = "v1.2.0"

[[projects]]
  branch = "master"
  digest = "1:6f14e5e74a17120eae7189395681a77c4c7efb58f9ed798a745d58b69cd0ac27"
  name = "github.com/containerd/continuity"
  packages = [
    "pathdriver",
    "syscallx",
    "sysx",
  ]
  pruneopts = "NT"
  revision = "bea7585dbfac2847dbf49a6b8e7738a36c09bc75"

[[projects]]
  digest = "1:1224b66801026a034c969446eea371f003009c72063b5770bdee47c7fc76a1f3"
  name = "github.com/docker/cli"
  packages = [
    "cli",
    "cli/command",
    "cli/command/formatter",
    "cli/command/image",
    "cli/command/image/build",
    "cli/command/inspect",
    "cli/config",
    "cli/config/configfile",
    "cli/config/credentials",
    "cli/flags",
    "cli/manifest/store",
    "cli/manifest/types",
    "cli/registry/client",
    "cli/trust",
    "opts",
    "templates",
  ]
  pruneopts = "NT"
  revision = "v18.06.1-ce"

[[projects]]
  digest = "1:36a77a8fad96ae232c758c7c54f2db788ac20629c7345ff47fde4703a34e971c"
  name = "github.com/docker/distribution"
  packages = [
    ".",
    "digestset",
    "manifest",
    "manifest/manifestlist",
    "manifest/schema2",
    "metrics",
    "reference",
    "registry/api/errcode",
    "registry/api/v2",
    "registry/client",
    "registry/client/auth",
    "registry/client/auth/challenge",
    "registry/client/transport",
    "registry/storage/cache",
    "registry/storage/cache/memory",
    "uuid",
  ]
  pruneopts = "NT"
  revision = "v2.7.0-rc.0"

[[projects]]
  digest = "1:c35c05854db4a6ab174e59471af198c7c18dc30b7caa5a3f351c2633e507857c"
  name = "github.com/docker/docker"
  packages = [
    "api",
    "api/types",
    "api/types/blkiodev",
    "api/types/container",
    "api/types/events",
    "api/types/filters",
    "api/types/image",
    "api/types/mount",
    "api/types/network",
    "api/types/registry",
    "api/types/strslice",
    "api/types/swarm",
    "api/types/swarm/runtime",
    "api/types/time",
    "api/types/versions",
    "api/types/volume",
    "builder/dockerignore",
    "builder/remotecontext/git",
    "client",
    "errdefs",
    "pkg/archive",
    "pkg/fileutils",
    "pkg/homedir",
    "pkg/idtools",
    "pkg/ioutils",
    "pkg/jsonmessage",
    "pkg/longpath",
    "pkg/mount",
    "pkg/pools",
    "pkg/progress",
    "pkg/streamformatter",
    "pkg/stringid",
    "pkg/symlink",
    "pkg/system",
    "pkg/tarsum",
    "pkg/term",
    "pkg/term/windows",
    "pkg/urlutil",
    "registry",
    "registry/resumable",
  ]
  pruneopts = "NT"
  revision = "fda9397826dcb51b4e2fdc4bc1f8ce61fba7d884"

[[projects]]
  digest = "1:747e0177649c90a12e23962796ad08f26288627f5652372b12f9ebddc4fc24ae"
  name = "github.com/docker/docker-credential-helpers"
  packages = [
    "client",
    "credentials",
  ]
  pruneopts = "NT"
  revision = "5241b46610f2491efdf9d1c85f1ddf5b02f6d962"
  version = "v0.6.1"

[[projects]]
  digest = "1:44fd27d0559326eb63ee0b7b5c80832c821761ff6d1b9cc4ad075783485a5837"
  name = "github.com/docker/go"
  packages = ["canonical/json"]
  pruneopts = "NT"
  revision = "62e5ec7cf43f795986ec658df7cb317255772993"
  version = "v1.5.1-1"

[[projects]]
  digest = "1:4e8034b090a97144c26f21ca1090859e7d700a02ea2c30a54c7f2a669d790857"
  name = "github.com/docker/go-connections"
  packages = [
    "nat",
    "sockets",
    "tlsconfig",
  ]
  pruneopts = "NT"
  revision = "7395e3f8aa162843a74ed6d48e79627d9792ac55"
  version = "v0.4.0"

[[projects]]
  branch = "master"
  digest = "1:8e5e04894d9d663ac464d6e73803d602f85fe679ec5a54de35378b5d073efd64"
  name = "github.com/docker/go-metrics"
  packages = ["."]
  pruneopts = "NT"
  revision = "399ea8c73916000c64c2c76e8da00ca82f8387ab"

[[projects]]
  digest = "1:4340101f42556a9cb2f7a360a0e95a019bfef6247d92e6c4c46f2433cf86a482"
  name = "github.com/docker/go-units"
  packages = ["."]
  pruneopts = "NT"
  revision = "47565b4f722fb6ceae66b95f853feed578a4a51c"
  version = "v0.3.3"

[[projects]]
  digest = "1:2a9d5e367df8c95e780975ca1dd4010bef8e39a3777066d3880ce274b39d4b5a"
  name = "github.com/gogo/protobuf"
  packages = [
    "gogoproto",
    "proto",
    "protoc-gen-gogo/descriptor",
    "sortkeys",
    "types",
  ]
  pruneopts = "NT"
  revision = "636bf0302bc95575d69441b25a2603156ffdddf1"
  version = "v1.1.1"

[[projects]]
  digest = "1:d7cb4458ea8782e6efacd8f4940796ec559c90833509c436f40c4085b98156dd"
  name = "github.com/golang/protobuf"
  packages = [
    "proto",
    "ptypes",
    "ptypes/any",
    "ptypes/duration",
    "ptypes/timestamp",
  ]
  pruneopts = "NT"
  revision = "aa810b61a9c79d51363740d207bb46cf8e620ed5"
  version = "v1.2.0"

[[projects]]
  branch = "master"
  digest = "1:b761585c2e408cae852f14ab9c9b23d194fafc6b191e0936e9ddd4c5802b65e8"
  name = "github.com/google/shlex"
  packages = ["."]
  pruneopts = "NT"
  revision = "6f45313302b9c56850fc17f99e40caebce98c716"

[[projects]]
  digest = "1:c01767916c59f084bb7c41a7d5877c0f3099b1595cfa066e84ec6ad6b084dd89"
  name = "github.com/gorilla/context"
  packages = ["."]
  pruneopts = "NT"
  revision = "08b5f424b9271eedf6f9f0ce86cb9396ed337a42"
  version = "v1.1.1"

[[projects]]
  digest = "1:bf5cf1d53d703332e9bd8984c69784645b73a938317bf5ace9aadf20ac49379a"
  name = "github.com/gorilla/mux"
  packages = ["."]
  pruneopts = "NT"
  revision = "e3702bed27f0d39777b0b37b664b6280e8ef8fbf"
  version = "v1.6.2"

[[projects]]
  branch = "master"
  digest = "1:28cabbdc6fca3fb9661f6861d948e22cacba6c4fe801594123d7ee314518300c"
  name = "github.com/grpc-ecosystem/grpc-opentracing"
  packages = ["go/otgrpc"]
  pruneopts = "NT"
  revision = "8e809c8a86450a29b90dcc9efbf062d0fe6d9746"

[[projects]]
  digest = "1:406338ad39ab2e37b7f4452906442a3dbf0eb3379dd1f06aafb5c07e769a5fbb"
  name = "github.com/inconshreveable/mousetrap"
  packages = ["."]
  pruneopts = "NT"
  revision = "76626ae9c91c4f2a10f34cad8ce83ea42c93bb75"
  version = "v1.0"

[[projects]]
  digest = "1:4059c14e87a2de3a434430340521b5feece186c1469eff0834c29a63870de3ed"
  name = "github.com/konsorten/go-windows-terminal-sequences"
  packages = ["."]
  pruneopts = "NT"
  revision = "5c8c8bd35d3832f5d134ae1e1e375b69a4d25242"
  version = "v1.0.1"

[[projects]]
  digest = "1:ea1db000388d88b31db7531c83016bef0d6db0d908a07794bfc36aca16fbf935"
  name = "github.com/matttproud/golang_protobuf_extensions"
  packages = ["pbutil"]
  pruneopts = "NT"
  revision = "c12348ce28de40eed0136aa2b644d0ee0650e56c"
  version = "v1.0.1"

[[projects]]
  branch = "master"
  digest = "1:82273af2b92867e9794616a4c1a153043e4e7a615717f3ed399a844f7bf16549"
  name = "github.com/miekg/pkcs11"
  packages = ["."]
  pruneopts = "NT"
  revision = "95e2e42e3ece7421c14512f79f796fe3f5d7e5dc"

[[projects]]
  digest = "1:32a0bcbc18ba4859f9327d7628feaf10d5b19ae1a0fe49b599d841b2de54cd1f"
  name = "github.com/moby/buildkit"
  packages = [
    "api/services/control",
    "api/types",
    "client",
    "client/llb",
    "frontend/gateway/client",
    "identity",
    "session",
    "session/auth",
    "session/auth/authprovider",
    "session/filesync",
    "session/grpchijack",
    "solver/pb",
    "util/apicaps",
    "util/apicaps/pb",
    "util/appcontext",
    "util/appdefaults",
    "util/progress/progressui",
    "util/system",
  ]
  pruneopts = "NT"
  revision = "47c4888ab1157e513dc4b9dc51e2167a797acf18"

[[projects]]
  branch = "master"
  digest = "1:8c33af6454f65c8b754aa02cc6f9da19612b190898bcd415f5fcd558f8b13050"
  name = "github.com/morikuni/aec"
  packages = ["."]
  pruneopts = "NT"
  revision = "39771216ff4c63d11f5e604076f9c45e8be1067b"

[[projects]]
  digest = "1:e0cc8395ea893c898ff5eb0850f4d9851c1f57c78c232304a026379a47a552d0"
  name = "github.com/opencontainers/go-digest"
  packages = ["."]
  pruneopts = "NT"
  revision = "279bed98673dd5bef374d3b6e4b09e2af76183bf"
  version = "v1.0.0-rc1"

[[projects]]
  digest = "1:6a42064e69dda8ba8b3687f837719fb8e241986c54ad4515e55ea9ec11bf5242"
  name = "github.com/opencontainers/image-spec"
  packages = [
    "specs-go",
    "specs-go/v1",
  ]
  pruneopts = "NT"
  revision = "d60099175f88c47cd379c4738d158884749ed235"
  version = "v1.0.1"

[[projects]]
  digest = "1:d0706514d296daeaad5a3ad9794fcb1ae56d0d295e281809fe8b3dd829a79bc7"
  name = "github.com/opencontainers/runc"
  packages = [
    "libcontainer/system",
    "libcontainer/user",
  ]
  pruneopts = "NT"
  revision = "baf6536d6259209c3edfa2b22237af82942d3dfa"
  version = "v0.1.1"

[[projects]]
  digest = "1:6e36c3eab25478d363e7eb669f253d9f9a620e640b0e1d86d3e909cbb1a56ab6"
  name = "github.com/opentracing/opentracing-go"
  packages = [
    ".",
    "ext",
    "log",
  ]
  pruneopts = "NT"
  revision = "1949ddbfd147afd4d964a9f00b24eb291e0e7c38"
  version = "v1.0.2"

[[projects]]
  digest = "1:5cf3f025cbee5951a4ee961de067c8a89fc95a5adabead774f82822efabab121"
  name = "github.com/pkg/errors"
  packages = ["."]
  pruneopts = "NT"
  revision = "645ef00459ed84a119197bfb8d8205042c6df63d"
  version = "v0.8.0"

[[projects]]
  digest = "1:bb1dbe98a0b4bf193608772ae3d3c4ec64f64bc3f11b1845f11b603b91146fbc"
  name = "github.com/prometheus/client_golang"
  packages = [
    "prometheus",
    "prometheus/internal",
    "prometheus/promhttp",
  ]
  pruneopts = "NT"
  revision = "1cafe34db7fdec6022e17e00e1c1ea501022f3e4"
  version = "v0.9.0"

[[projects]]
  branch = "master"
  digest = "1:c2cc5049e927e2749c0d5163c9f8d924880d83e84befa732b9aad0b6be227bed"
  name = "github.com/prometheus/client_model"
  packages = ["go"]
  pruneopts = "NT"
  revision = "5c3871d89910bfb32f5fcab2aa4b9ec68e65a99f"

[[projects]]
  branch = "master"
  digest = "1:7351e64118be635099e3911e6fff7908a257816bad9f159016a9d11849669489"
  name = "github.com/prometheus/common"
  packages = [
    "expfmt",
    "internal/bitbucket.org/ww/goautoneg",
    "model",
  ]
  pruneopts = "NT"
  revision = "7e9e6cabbd393fc208072eedef99188d0ce788b6"

[[projects]]
  branch = "master"
  digest = "1:523adcc0953fdf00dab08f45cad651f74682fb489bd2d672aa9f96e568e2f11f"
  name = "github.com/prometheus/procfs"
  packages = [
    ".",
    "internal/util",
    "nfs",
    "xfs",
  ]
  pruneopts = "NT"
  revision = "185b4288413d2a0dd0806f78c90dde719829e5ae"

[[projects]]
  digest = "1:cd2f2cba5b7ffafd0412fb647ff4bcff170292de57270f05fbbf391e3eb9566b"
  name = "github.com/sirupsen/logrus"
  packages = ["."]
  pruneopts = "NT"
  revision = "bcd833dfe83d3cebad139e4a29ed79cb2318bf95"
  version = "v1.2.0"

[[projects]]
  digest = "1:234b95cdbb31612ff4f97e0ac69abdede0c60f5f84e5d3f40123859f77d8bc2c"
  name = "github.com/spf13/cobra"
  packages = ["."]
  pruneopts = "NT"
  revision = "ef82de70bb3f60c65fb8eebacbb2d122ef517385"
  version = "v0.0.3"

[[projects]]
  digest = "1:9d8420bbf131d1618bde6530af37c3799340d3762cc47210c1d9532a4c3a2779"
  name = "github.com/spf13/pflag"
  packages = ["."]
  pruneopts = "NT"
  revision = "298182f68c66c05229eb03ac171abe6e309ee79a"
  version = "v1.0.3"

[[projects]]
  digest = "1:50d7ab8c81c95c76286814f4ee63b646626476ffd8f396711da3e017fc68a514"
  name = "github.com/theupdateframework/notary"
  packages = [
    ".",
    "client",
    "client/changelist",
    "cryptoservice",
    "passphrase",
    "storage",
    "trustmanager",
    "trustmanager/yubikey",
    "trustpinning",
    "tuf",
    "tuf/data",
    "tuf/signed",
    "tuf/utils",
    "tuf/validation",
  ]
  pruneopts = "NT"
  revision = "d6e1431feb32348e0650bf7551ac5cffd01d857b"
  version = "v0.6.1"

[[projects]]
  digest = "1:0313d1142edc5ec7eb5c5f2db1ac0d0b9f26dc5bd20ac2e3c15d5ad785f86601"
  name = "github.com/tonistiigi/fsutil"
  packages = ["."]
  pruneopts = "NT"
  revision = "b19464cd1b6a00773b4f2eb7acf9c30426f9df42"

[[projects]]
  branch = "master"
  digest = "1:763762a9a2bdf23e7367de85122859b150530111aa34fc75ce959b125a4b36a9"
  name = "github.com/tonistiigi/units"
  packages = ["."]
  pruneopts = "NT"
  revision = "6950e57a87eaf136bbe44ef2ec8e75b9e3569de2"

[[projects]]
  branch = "master"
  digest = "1:47924c7ab4b3a18145d150e535525f582a07511e5452c4e1a5b79d883c2a429f"
  name = "golang.org/x/crypto"
  packages = [
    "pbkdf2",
    "ssh/terminal",
  ]
  pruneopts = "NT"
  revision = "4d3f4d9ffa16a13f451c3b2999e9c49e9750bf06"

[[projects]]
  branch = "master"
  digest = "1:87720a41fef92ac9e50e60d673190afbce53b8fac9b05790ad13a58753df0569"
  name = "golang.org/x/net"
  packages = [
    "context",
    "context/ctxhttp",
    "http/httpguts",
    "http2",
    "http2/hpack",
    "idna",
    "internal/socks",
    "internal/timeseries",
    "proxy",
    "trace",
    "websocket",
  ]
  pruneopts = "NT"
  revision = "e11730110bbd884bbf19550bfafe9d69519ce29e"

[[projects]]
  branch = "master"
  digest = "1:d5232b5c5e1425c230341244f1eef85b460b3313625db355dde0eed57626189f"
  name = "golang.org/x/sync"
  packages = ["errgroup"]
  pruneopts = "NT"
  revision = "1d60e4601c6fd243af51cc01ddf169918a5407ca"

[[projects]]
  branch = "master"
  digest = "1:04b92b5bc6c1031cc9083fbc2fdeda90f3a69b7c1bf5eed6bbf9a3563d946c6e"
  name = "golang.org/x/sys"
  packages = [
    "unix",
    "windows",
  ]
  pruneopts = "NT"
  revision = "9b800f95dbbc54abff0acf7ee32d88ba4e328c89"

[[projects]]
  digest = "1:8c74f97396ed63cc2ef04ebb5fc37bb032871b8fd890a25991ed40974b00cd2a"
  name = "golang.org/x/text"
  packages = [
    "collate",
    "collate/build",
    "internal/colltab",
    "internal/gen",
    "internal/tag",
    "internal/triegen",
    "internal/ucd",
    "language",
    "secure/bidirule",
    "transform",
    "unicode/bidi",
    "unicode/cldr",
    "unicode/norm",
    "unicode/rangetable",
    "width",
  ]
  pruneopts = "NT"
  revision = "f21a4dfb5e38f5895301dc265a8def02365cc3d0"
  version = "v0.3.0"

[[projects]]
  branch = "master"
  digest = "1:c9e7a4b4d47c0ed205d257648b0e5b0440880cb728506e318f8ac7cd36270bc4"
  name = "golang.org/x/time"
  packages = ["rate"]
  pruneopts = "NT"
  revision = "fbb02b2291d28baffd63558aa44b4b56f178d650"

[[projects]]
  branch = "master"
  digest = "1:8bc46dd0d522fef066174bb4c191aa7ec2ef83cedbb28cba6b19ca7d2f52b3e5"
  name = "google.golang.org/genproto"
  packages = ["googleapis/rpc/status"]
  pruneopts = "NT"
  revision = "b69ba1387ce2108ac9bc8e8e5e5a46e7d5c72313"

[[projects]]
  digest = "1:0214e2ddd2d57c5d36db7392768d374c7ccf09ea5804feb0bf5f250e98fc40f2"
  name = "google.golang.org/grpc"
  packages = [
    ".",
    "balancer",
    "balancer/base",
    "balancer/roundrobin",
    "codes",
    "connectivity",
    "credentials",
    "encoding",
    "encoding/proto",
    "grpclog",
    "health",
    "health/grpc_health_v1",
    "internal",
    "internal/backoff",
    "internal/channelz",
    "internal/envconfig",
    "internal/grpcrand",
    "internal/transport",
    "keepalive",
    "metadata",
    "naming",
    "peer",
    "resolver",
    "resolver/dns",
    "resolver/passthrough",
    "stats",
    "status",
    "tap",
  ]
  pruneopts = "NT"
  revision = "2e463a05d100327ca47ac218281906921038fd95"
  version = "v1.16.0"

[solve-meta]
  analyzer-name = "dep"
  analyzer-version = 1
  input-imports = [
    "github.com/IBM-Cloud/bluemix-go",
    "github.com/IBM-Cloud/bluemix-go/api/container/registryv1",
    "github.com/IBM-Cloud/bluemix-go/api/iam/iamv1",
    "github.com/IBM-Cloud/bluemix-go/endpoints",
    "github.com/IBM-Cloud/bluemix-go/session",
    "github.com/blang/semver",
    "github.com/docker/cli/cli/command",
    "github.com/docker/cli/cli/command/image",
    "github.com/docker/cli/cli/config/configfile",
    "github.com/docker/distribution/reference",
    "github.com/docker/docker/api/types",
    "github.com/docker/docker/client",
    "github.com/pkg/errors",
    "github.com/sirupsen/logrus",
    "github.com/spf13/cobra",
  ]
  solver-name = "gps-cdcl"
  solver-version = 1
